
Microsoft Visual Studio Solution File, Format Version 12.00
# Visual Studio Version 16
VisualStudioVersion = 16.0.31424.327
MinimumVisualStudioVersion = 10.0.40219.1
Project("{FAE04EC0-301F-11D3-BF4B-00C04F79EFBC}") = "Gibe.Navigation", "Gibe.Navigation\Gibe.Navigation.csproj", "{F585D1E9-74D1-49FC-8700-DAE8C244BC25}"
EndProject
Project("{FAE04EC0-301F-11D3-BF4B-00C04F79EFBC}") = "Gibe.Navigation.Umbraco", "Gibe.Navigation.Umbraco\Gibe.Navigation.Umbraco.csproj", "{A89B5E94-DD04-4B81-97DF-4F349089433A}"
EndProject
Project("{2150E333-8FDC-42A3-9474-1A3956D46DE8}") = "Solution Items", "Solution Items", "{BA012FCB-8B20-4D13-BCEB-0CC92AF7CF9C}"
	ProjectSection(SolutionItems) = preProject
		VERSION.txt = VERSION.txt
	EndProjectSection
EndProject
Project("{FAE04EC0-301F-11D3-BF4B-00C04F79EFBC}") = "Gibe.Navigation.GibeCommerce", "Gibe.Navigation.GibeCommerce\Gibe.Navigation.GibeCommerce.csproj", "{DFCA77AF-1331-47D8-969B-946B97C9CAFB}"
EndProject
Project("{FAE04EC0-301F-11D3-BF4B-00C04F79EFBC}") = "Gibe.Navigation.Umbraco.V9", "Gibe.Navigation.Umbraco.V9\Gibe.Navigation.Umbraco.V9.csproj", "{86172156-D8C4-4927-BC99-239BE1CE4D57}"
EndProject
Global
	GlobalSection(SolutionConfigurationPlatforms) = preSolution
		Debug|Any CPU = Debug|Any CPU
		Release|Any CPU = Release|Any CPU
	EndGlobalSection
	GlobalSection(ProjectConfigurationPlatforms) = postSolution
		{F585D1E9-74D1-49FC-8700-DAE8C244BC25}.Debug|Any CPU.ActiveCfg = Debug|Any CPU
		{F585D1E9-74D1-49FC-8700-DAE8C244BC25}.Debug|Any CPU.Build.0 = Debug|Any CPU
		{F585D1E9-74D1-49FC-8700-DAE8C244BC25}.Release|Any CPU.ActiveCfg = Release|Any CPU
		{F585D1E9-74D1-49FC-8700-DAE8C244BC25}.Release|Any CPU.Build.0 = Release|Any CPU
		{A89B5E94-DD04-4B81-97DF-4F349089433A}.Debug|Any CPU.ActiveCfg = Debug|Any CPU
		{A89B5E94-DD04-4B81-97DF-4F349089433A}.Debug|Any CPU.Build.0 = Debug|Any CPU
		{A89B5E94-DD04-4B81-97DF-4F349089433A}.Release|Any CPU.ActiveCfg = Release|Any CPU
		{A89B5E94-DD04-4B81-97DF-4F349089433A}.Release|Any CPU.Build.0 = Release|Any CPU
		{DFCA77AF-1331-47D8-969B-946B97C9CAFB}.Debug|Any CPU.ActiveCfg = Debug|Any CPU
		{DFCA77AF-1331-47D8-969B-946B97C9CAFB}.Debug|Any CPU.Build.0 = Debug|Any CPU
		{DFCA77AF-1331-47D8-969B-946B97C9CAFB}.Release|Any CPU.ActiveCfg = Release|Any CPU
		{DFCA77AF-1331-47D8-969B-946B97C9CAFB}.Release|Any CPU.Build.0 = Release|Any CPU
		{86172156-D8C4-4927-BC99-239BE1CE4D57}.Debug|Any CPU.ActiveCfg = Debug|Any CPU
		{86172156-D8C4-4927-BC99-239BE1CE4D57}.Debug|Any CPU.Build.0 = Debug|Any CPU
		{86172156-D8C4-4927-BC99-239BE1CE4D57}.Release|Any CPU.ActiveCfg = Release|Any CPU
		{86172156-D8C4-4927-BC99-239BE1CE4D57}.Release|Any CPU.Build.0 = Release|Any CPU
	EndGlobalSection
	GlobalSection(SolutionProperties) = preSolution
		HideSolutionNode = FALSE
	EndGlobalSection
	GlobalSection(ExtensibilityGlobals) = postSolution
		SolutionGuid = {37ACB079-0BCD-4F47-B458-34ECF0F524CB}
	EndGlobalSection
EndGlobal
